
Microsoft Visual Studio Solution File, Format Version 12.00
# Visual Studio Version 17
VisualStudioVersion = 17.3.32922.545
MinimumVisualStudioVersion = 10.0.40219.1
Project("{E24C65DC-7377-472B-9ABA-BC803B73C61A}") = "tye_dk", "tye_dk\", "{E656FE20-DAA2-4B98-A7D9-C1386BAA56CB}"
	ProjectSection(WebsiteProperties) = preProject
		TargetFrameworkMoniker = ".NETFramework,Version%3Dv4.8"
		Debug.AspNetCompiler.VirtualPath = "/tye_dk"
		Debug.AspNetCompiler.PhysicalPath = "tye_dk\"
		Debug.AspNetCompiler.TargetPath = "PrecompiledWeb\tye_dk\"
		Debug.AspNetCompiler.Updateable = "true"
		Debug.AspNetCompiler.ForceOverwrite = "true"
		Debug.AspNetCompiler.FixedNames = "false"
		Debug.AspNetCompiler.Debug = "True"
		Release.AspNetCompiler.VirtualPath = "/tye_dk"
		Release.AspNetCompiler.PhysicalPath = "tye_dk\"
		Release.AspNetCompiler.TargetPath = "PrecompiledWeb\tye_dk\"
		Release.AspNetCompiler.Updateable = "true"
		Release.AspNetCompiler.ForceOverwrite = "true"
		Release.AspNetCompiler.FixedNames = "false"
		Release.AspNetCompiler.Debug = "False"
		VWDPort = "2222"
		SlnRelativePath = "tye_dk\"
	EndProjectSection
EndProject
Global
	GlobalSection(SolutionConfigurationPlatforms) = preSolution
		Debug|Any CPU = Debug|Any CPU
	EndGlobalSection
	GlobalSection(ProjectConfigurationPlatforms) = postSolution
		{E656FE20-DAA2-4B98-A7D9-C1386BAA56CB}.Debug|Any CPU.ActiveCfg = Debug|Any CPU
		{E656FE20-DAA2-4B98-A7D9-C1386BAA56CB}.Debug|Any CPU.Build.0 = Debug|Any CPU
	EndGlobalSection
	GlobalSection(SolutionProperties) = preSolution
		HideSolutionNode = FALSE
	EndGlobalSection
	GlobalSection(ExtensibilityGlobals) = postSolution
		SolutionGuid = {C11BB785-C854-46D4-B569-D4CD4054B88C}
	EndGlobalSection
EndGlobal
